
Microsoft Visual Studio Solution File, Format Version 12.00
# Visual Studio Version 16
VisualStudioVersion = 16.0.31624.102
MinimumVisualStudioVersion = 10.0.40219.1
Project("{FAE04EC0-301F-11D3-BF4B-00C04F79EFBC}") = "PracticeSeptember", "PracticeSeptember.csproj", "{9D47BCF4-E6F7-490E-ABD9-8D799983B996}"
EndProject
Global
	GlobalSection(SolutionConfigurationPlatforms) = preSolution
		Debug|Any CPU = Debug|Any CPU
		Release|Any CPU = Release|Any CPU
	EndGlobalSection
	GlobalSection(ProjectConfigurationPlatforms) = postSolution
		{9D47BCF4-E6F7-490E-ABD9-8D799983B996}.Debug|Any CPU.ActiveCfg = Debug|Any CPU
		{9D47BCF4-E6F7-490E-ABD9-8D799983B996}.Debug|Any CPU.Build.0 = Debug|Any CPU
		{9D47BCF4-E6F7-490E-ABD9-8D799983B996}.Release|Any CPU.ActiveCfg = Release|Any CPU
		{9D47BCF4-E6F7-490E-ABD9-8D799983B996}.Release|Any CPU.Build.0 = Release|Any CPU
	EndGlobalSection
	GlobalSection(SolutionProperties) = preSolution
		HideSolutionNode = FALSE
	EndGlobalSection
	GlobalSection(ExtensibilityGlobals) = postSolution
		SolutionGuid = {1602D212-D6F9-4915-82E1-E932D728ABED}
	EndGlobalSection
EndGlobal
